
Microsoft Visual Studio Solution File, Format Version 12.00
# Visual Studio Version 17
VisualStudioVersion = 17.12.35527.113 d17.12
MinimumVisualStudioVersion = 10.0.40219.1
Project("{A07B5EB6-E848-4116-A8D0-A826331D98C6}") = "EduGraderSystem", "EduGraderSystem.sfproj", "{71CDEC58-DA32-4440-B0CF-73A2D31FA5CE}"
EndProject
Project("{FAE04EC0-301F-11D3-BF4B-00C04F79EFBC}") = "APIController_Service", "..\APIController_Service\APIController_Service.csproj", "{BB81F042-7D9E-48C7-B4BD-DA16510F24E0}"
EndProject
Project("{FAE04EC0-301F-11D3-BF4B-00C04F79EFBC}") = "AllUsersService", "AllUsersService\AllUsersService.csproj", "{F5C38B73-54AD-4ADC-B3B7-4128983CC1E5}"
EndProject
Project("{FAE04EC0-301F-11D3-BF4B-00C04F79EFBC}") = "GradeAndAnalysesService", "GradeAndAnalysesService\GradeAndAnalysesService.csproj", "{663E17EB-D86A-4C77-885B-436332C69790}"
EndProject
Project("{FAE04EC0-301F-11D3-BF4B-00C04F79EFBC}") = "ProgressService", "ProgressService\ProgressService.csproj", "{450FE7CD-FE65-45FA-9C93-BD3A26B84C18}"
EndProject
Project("{FAE04EC0-301F-11D3-BF4B-00C04F79EFBC}") = "UploadService", "UploadService\UploadService.csproj", "{A31A1823-A960-4432-8A96-D6AEBA226F92}"
EndProject
Project("{FAE04EC0-301F-11D3-BF4B-00C04F79EFBC}") = "Common", "..\Common\Common.csproj", "{38806974-0FFE-4E01-9875-BD4D92D3A23D}"
EndProject
Global
	GlobalSection(SolutionConfigurationPlatforms) = preSolution
		Debug|Any CPU = Debug|Any CPU
		Debug|x64 = Debug|x64
		Release|Any CPU = Release|Any CPU
		Release|x64 = Release|x64
	EndGlobalSection
	GlobalSection(ProjectConfigurationPlatforms) = postSolution
		{71CDEC58-DA32-4440-B0CF-73A2D31FA5CE}.Debug|Any CPU.ActiveCfg = Debug|x64
		{71CDEC58-DA32-4440-B0CF-73A2D31FA5CE}.Debug|Any CPU.Build.0 = Debug|x64
		{71CDEC58-DA32-4440-B0CF-73A2D31FA5CE}.Debug|Any CPU.Deploy.0 = Debug|x64
		{71CDEC58-DA32-4440-B0CF-73A2D31FA5CE}.Debug|x64.ActiveCfg = Debug|x64
		{71CDEC58-DA32-4440-B0CF-73A2D31FA5CE}.Debug|x64.Build.0 = Debug|x64
		{71CDEC58-DA32-4440-B0CF-73A2D31FA5CE}.Debug|x64.Deploy.0 = Debug|x64
		{71CDEC58-DA32-4440-B0CF-73A2D31FA5CE}.Release|Any CPU.ActiveCfg = Release|x64
		{71CDEC58-DA32-4440-B0CF-73A2D31FA5CE}.Release|Any CPU.Build.0 = Release|x64
		{71CDEC58-DA32-4440-B0CF-73A2D31FA5CE}.Release|Any CPU.Deploy.0 = Release|x64
		{71CDEC58-DA32-4440-B0CF-73A2D31FA5CE}.Release|x64.ActiveCfg = Release|x64
		{71CDEC58-DA32-4440-B0CF-73A2D31FA5CE}.Release|x64.Build.0 = Release|x64
		{71CDEC58-DA32-4440-B0CF-73A2D31FA5CE}.Release|x64.Deploy.0 = Release|x64
		{BB81F042-7D9E-48C7-B4BD-DA16510F24E0}.Debug|Any CPU.ActiveCfg = Debug|Any CPU
		{BB81F042-7D9E-48C7-B4BD-DA16510F24E0}.Debug|Any CPU.Build.0 = Debug|Any CPU
		{BB81F042-7D9E-48C7-B4BD-DA16510F24E0}.Debug|x64.ActiveCfg = Debug|Any CPU
		{BB81F042-7D9E-48C7-B4BD-DA16510F24E0}.Debug|x64.Build.0 = Debug|Any CPU
		{BB81F042-7D9E-48C7-B4BD-DA16510F24E0}.Release|Any CPU.ActiveCfg = Release|Any CPU
		{BB81F042-7D9E-48C7-B4BD-DA16510F24E0}.Release|Any CPU.Build.0 = Release|Any CPU
		{BB81F042-7D9E-48C7-B4BD-DA16510F24E0}.Release|x64.ActiveCfg = Release|Any CPU
		{BB81F042-7D9E-48C7-B4BD-DA16510F24E0}.Release|x64.Build.0 = Release|Any CPU
		{F5C38B73-54AD-4ADC-B3B7-4128983CC1E5}.Debug|Any CPU.ActiveCfg = Debug|Any CPU
		{F5C38B73-54AD-4ADC-B3B7-4128983CC1E5}.Debug|Any CPU.Build.0 = Debug|Any CPU
		{F5C38B73-54AD-4ADC-B3B7-4128983CC1E5}.Debug|x64.ActiveCfg = Debug|Any CPU
		{F5C38B73-54AD-4ADC-B3B7-4128983CC1E5}.Debug|x64.Build.0 = Debug|Any CPU
		{F5C38B73-54AD-4ADC-B3B7-4128983CC1E5}.Release|Any CPU.ActiveCfg = Release|Any CPU
		{F5C38B73-54AD-4ADC-B3B7-4128983CC1E5}.Release|Any CPU.Build.0 = Release|Any CPU
		{F5C38B73-54AD-4ADC-B3B7-4128983CC1E5}.Release|x64.ActiveCfg = Release|Any CPU
		{F5C38B73-54AD-4ADC-B3B7-4128983CC1E5}.Release|x64.Build.0 = Release|Any CPU
		{663E17EB-D86A-4C77-885B-436332C69790}.Debug|Any CPU.ActiveCfg = Debug|Any CPU
		{663E17EB-D86A-4C77-885B-436332C69790}.Debug|Any CPU.Build.0 = Debug|Any CPU
		{663E17EB-D86A-4C77-885B-436332C69790}.Debug|x64.ActiveCfg = Debug|Any CPU
		{663E17EB-D86A-4C77-885B-436332C69790}.Debug|x64.Build.0 = Debug|Any CPU
		{663E17EB-D86A-4C77-885B-436332C69790}.Release|Any CPU.ActiveCfg = Release|Any CPU
		{663E17EB-D86A-4C77-885B-436332C69790}.Release|Any CPU.Build.0 = Release|Any CPU
		{663E17EB-D86A-4C77-885B-436332C69790}.Release|x64.ActiveCfg = Release|Any CPU
		{663E17EB-D86A-4C77-885B-436332C69790}.Release|x64.Build.0 = Release|Any CPU
		{450FE7CD-FE65-45FA-9C93-BD3A26B84C18}.Debug|Any CPU.ActiveCfg = Debug|Any CPU
		{450FE7CD-FE65-45FA-9C93-BD3A26B84C18}.Debug|Any CPU.Build.0 = Debug|Any CPU
		{450FE7CD-FE65-45FA-9C93-BD3A26B84C18}.Debug|x64.ActiveCfg = Debug|Any CPU
		{450FE7CD-FE65-45FA-9C93-BD3A26B84C18}.Debug|x64.Build.0 = Debug|Any CPU
		{450FE7CD-FE65-45FA-9C93-BD3A26B84C18}.Release|Any CPU.ActiveCfg = Release|Any CPU
		{450FE7CD-FE65-45FA-9C93-BD3A26B84C18}.Release|Any CPU.Build.0 = Release|Any CPU
		{450FE7CD-FE65-45FA-9C93-BD3A26B84C18}.Release|x64.ActiveCfg = Release|Any CPU
		{450FE7CD-FE65-45FA-9C93-BD3A26B84C18}.Release|x64.Build.0 = Release|Any CPU
		{A31A1823-A960-4432-8A96-D6AEBA226F92}.Debug|Any CPU.ActiveCfg = Debug|Any CPU
		{A31A1823-A960-4432-8A96-D6AEBA226F92}.Debug|Any CPU.Build.0 = Debug|Any CPU
		{A31A1823-A960-4432-8A96-D6AEBA226F92}.Debug|x64.ActiveCfg = Debug|Any CPU
		{A31A1823-A960-4432-8A96-D6AEBA226F92}.Debug|x64.Build.0 = Debug|Any CPU
		{A31A1823-A960-4432-8A96-D6AEBA226F92}.Release|Any CPU.ActiveCfg = Release|Any CPU
		{A31A1823-A960-4432-8A96-D6AEBA226F92}.Release|Any CPU.Build.0 = Release|Any CPU
		{A31A1823-A960-4432-8A96-D6AEBA226F92}.Release|x64.ActiveCfg = Release|Any CPU
		{A31A1823-A960-4432-8A96-D6AEBA226F92}.Release|x64.Build.0 = Release|Any CPU
		{38806974-0FFE-4E01-9875-BD4D92D3A23D}.Debug|Any CPU.ActiveCfg = Debug|Any CPU
		{38806974-0FFE-4E01-9875-BD4D92D3A23D}.Debug|Any CPU.Build.0 = Debug|Any CPU
		{38806974-0FFE-4E01-9875-BD4D92D3A23D}.Debug|x64.ActiveCfg = Debug|Any CPU
		{38806974-0FFE-4E01-9875-BD4D92D3A23D}.Debug|x64.Build.0 = Debug|Any CPU
		{38806974-0FFE-4E01-9875-BD4D92D3A23D}.Release|Any CPU.ActiveCfg = Release|Any CPU
		{38806974-0FFE-4E01-9875-BD4D92D3A23D}.Release|Any CPU.Build.0 = Release|Any CPU
		{38806974-0FFE-4E01-9875-BD4D92D3A23D}.Release|x64.ActiveCfg = Release|Any CPU
		{38806974-0FFE-4E01-9875-BD4D92D3A23D}.Release|x64.Build.0 = Release|Any CPU
	EndGlobalSection
	GlobalSection(SolutionProperties) = preSolution
		HideSolutionNode = FALSE
	EndGlobalSection
EndGlobal
